// !$*UTF8*$!
{
	archiveVersion = 1;
	classes = {
	};
	objectVersion = 56;
	objects = {

/* Begin PBXBuildFile section */
		842F615529EE8E2C007A08C7 /* AppDelegate.swift in Sources */ = {isa = PBXBuildFile; fileRef = 842F615429EE8E2C007A08C7 /* AppDelegate.swift */; };
		842F615729EE8E2C007A08C7 /* SceneDelegate.swift in Sources */ = {isa = PBXBuildFile; fileRef = 842F615629EE8E2C007A08C7 /* SceneDelegate.swift */; };
		842F615C29EE8E2C007A08C7 /* Main.storyboard in Resources */ = {isa = PBXBuildFile; fileRef = 842F615A29EE8E2C007A08C7 /* Main.storyboard */; };
		842F615E29EE8E2E007A08C7 /* Assets.xcassets in Resources */ = {isa = PBXBuildFile; fileRef = 842F615D29EE8E2E007A08C7 /* Assets.xcassets */; };
		842F616129EE8E2E007A08C7 /* LaunchScreen.storyboard in Resources */ = {isa = PBXBuildFile; fileRef = 842F615F29EE8E2E007A08C7 /* LaunchScreen.storyboard */; };
		842F616929EE9BA9007A08C7 /* ContactsListViewController.swift in Sources */ = {isa = PBXBuildFile; fileRef = 842F616829EE9BA9007A08C7 /* ContactsListViewController.swift */; };
		842F616D29EEB081007A08C7 /* InformationViewController.swift in Sources */ = {isa = PBXBuildFile; fileRef = 842F616C29EEB081007A08C7 /* InformationViewController.swift */; };
		84DA22FD29EEE07E0006DB35 /* Person.swift in Sources */ = {isa = PBXBuildFile; fileRef = 84DA22FC29EEE07E0006DB35 /* Person.swift */; };
		84DA22FF29EEE2160006DB35 /* DataStore.swift in Sources */ = {isa = PBXBuildFile; fileRef = 84DA22FE29EEE2160006DB35 /* DataStore.swift */; };
/* End PBXBuildFile section */

/* Begin PBXFileReference section */
		842F615129EE8E2C007A08C7 /* TrackList_PB.app */ = {isa = PBXFileReference; explicitFileType = wrapper.application; includeInIndex = 0; path = TrackList_PB.app; sourceTree = BUILT_PRODUCTS_DIR; };
		842F615429EE8E2C007A08C7 /* AppDelegate.swift */ = {isa = PBXFileReference; lastKnownFileType = sourcecode.swift; path = AppDelegate.swift; sourceTree = "<group>"; };
		842F615629EE8E2C007A08C7 /* SceneDelegate.swift */ = {isa = PBXFileReference; lastKnownFileType = sourcecode.swift; path = SceneDelegate.swift; sourceTree = "<group>"; };
		842F615B29EE8E2C007A08C7 /* Base */ = {isa = PBXFileReference; lastKnownFileType = file.storyboard; name = Base; path = Base.lproj/Main.storyboard; sourceTree = "<group>"; };
		842F615D29EE8E2E007A08C7 /* Assets.xcassets */ = {isa = PBXFileReference; lastKnownFileType = folder.assetcatalog; path = Assets.xcassets; sourceTree = "<group>"; };
		842F616029EE8E2E007A08C7 /* Base */ = {isa = PBXFileReference; lastKnownFileType = file.storyboard; name = Base; path = Base.lproj/LaunchScreen.storyboard; sourceTree = "<group>"; };
		842F616229EE8E2E007A08C7 /* Info.plist */ = {isa = PBXFileReference; lastKnownFileType = text.plist.xml; path = Info.plist; sourceTree = "<group>"; };
		842F616829EE9BA9007A08C7 /* ContactsListViewController.swift */ = {isa = PBXFileReference; lastKnownFileType = sourcecode.swift; path = ContactsListViewController.swift; sourceTree = "<group>"; };
		842F616C29EEB081007A08C7 /* InformationViewController.swift */ = {isa = PBXFileReference; lastKnownFileType = sourcecode.swift; path = InformationViewController.swift; sourceTree = "<group>"; };
		84DA22FC29EEE07E0006DB35 /* Person.swift */ = {isa = PBXFileReference; lastKnownFileType = sourcecode.swift; path = Person.swift; sourceTree = "<group>"; };
		84DA22FE29EEE2160006DB35 /* DataStore.swift */ = {isa = PBXFileReference; lastKnownFileType = sourcecode.swift; path = DataStore.swift; sourceTree = "<group>"; };
/* End PBXFileReference section */

/* Begin PBXFrameworksBuildPhase section */
		842F614E29EE8E2C007A08C7 /* Frameworks */ = {
			isa = PBXFrameworksBuildPhase;
			buildActionMask = 2147483647;
			files = (
			);
			runOnlyForDeploymentPostprocessing = 0;
		};
/* End PBXFrameworksBuildPhase section */

/* Begin PBXGroup section */
		842F614829EE8E2C007A08C7 = {
			isa = PBXGroup;
			children = (
				842F615329EE8E2C007A08C7 /* TrackList_PB */,
				842F615229EE8E2C007A08C7 /* Products */,
			);
			sourceTree = "<group>";
		};
		842F615229EE8E2C007A08C7 /* Products */ = {
			isa = PBXGroup;
			children = (
				842F615129EE8E2C007A08C7 /* TrackList_PB.app */,
			);
			name = Products;
			sourceTree = "<group>";
		};
		842F615329EE8E2C007A08C7 /* TrackList_PB */ = {
			isa = PBXGroup;
			children = (
				842F615429EE8E2C007A08C7 /* AppDelegate.swift */,
				842F615629EE8E2C007A08C7 /* SceneDelegate.swift */,
				842F616829EE9BA9007A08C7 /* ContactsListViewController.swift */,
				842F616C29EEB081007A08C7 /* InformationViewController.swift */,
				84DA22FE29EEE2160006DB35 /* DataStore.swift */,
				84DA22FC29EEE07E0006DB35 /* Person.swift */,
				842F615A29EE8E2C007A08C7 /* Main.storyboard */,
				842F615D29EE8E2E007A08C7 /* Assets.xcassets */,
				842F615F29EE8E2E007A08C7 /* LaunchScreen.storyboard */,
				842F616229EE8E2E007A08C7 /* Info.plist */,
			);
			path = TrackList_PB;
			sourceTree = "<group>";
		};
/* End PBXGroup section */

/* Begin PBXNativeTarget section */
		842F615029EE8E2C007A08C7 /* TrackList_PB */ = {
			isa = PBXNativeTarget;
			buildConfigurationList = 842F616529EE8E2E007A08C7 /* Build configuration list for PBXNativeTarget "TrackList_PB" */;
			buildPhases = (
				842F614D29EE8E2C007A08C7 /* Sources */,
				842F614E29EE8E2C007A08C7 /* Frameworks */,
				842F614F29EE8E2C007A08C7 /* Resources */,
			);
			buildRules = (
			);
			dependencies = (
			);
			name = TrackList_PB;
			productName = TrackList_PB;
			productReference = 842F615129EE8E2C007A08C7 /* TrackList_PB.app */;
			productType = "com.apple.product-type.application";
		};
/* End PBXNativeTarget section */

/* Begin PBXProject section */
		842F614929EE8E2C007A08C7 /* Project object */ = {
			isa = PBXProject;
			attributes = {
				BuildIndependentTargetsInParallel = 1;
				LastSwiftUpdateCheck = 1420;
				LastUpgradeCheck = 1420;
				TargetAttributes = {
					842F615029EE8E2C007A08C7 = {
						CreatedOnToolsVersion = 14.2;
					};
				};
			};
			buildConfigurationList = 842F614C29EE8E2C007A08C7 /* Build configuration list for PBXProject "TrackList_PB" */;
			compatibilityVersion = "Xcode 14.0";
			developmentRegion = en;
			hasScannedForEncodings = 0;
			knownRegions = (
				en,
				Base,
			);
			mainGroup = 842F614829EE8E2C007A08C7;
			productRefGroup = 842F615229EE8E2C007A08C7 /* Products */;
			projectDirPath = "";
			projectRoot = "";
			targets = (
				842F615029EE8E2C007A08C7 /* TrackList_PB */,
			);
		};
/* End PBXProject section */

/* Begin PBXResourcesBuildPhase section */
		842F614F29EE8E2C007A08C7 /* Resources */ = {
			isa = PBXResourcesBuildPhase;
			buildActionMask = 2147483647;
			files = (
				842F616129EE8E2E007A08C7 /* LaunchScreen.storyboard in Resources */,
				842F615E29EE8E2E007A08C7 /* Assets.xcassets in Resources */,
				842F615C29EE8E2C007A08C7 /* Main.storyboard in Resources */,
			);
			runOnlyForDeploymentPostprocessing = 0;
		};
/* End PBXResourcesBuildPhase section */

/* Begin PBXSourcesBuildPhase section */
		842F614D29EE8E2C007A08C7 /* Sources */ = {
			isa = PBXSourcesBuildPhase;
			buildActionMask = 2147483647;
			files = (
				84DA22FD29EEE07E0006DB35 /* Person.swift in Sources */,
				842F616929EE9BA9007A08C7 /* ContactsListViewController.swift in Sources */,
				84DA22FF29EEE2160006DB35 /* DataStore.swift in Sources */,
				842F615529EE8E2C007A08C7 /* AppDelegate.swift in Sources */,
				842F615729EE8E2C007A08C7 /* SceneDelegate.swift in Sources */,
				842F616D29EEB081007A08C7 /* InformationViewController.swift in Sources */,
			);
			runOnlyForDeploymentPostprocessing = 0;
		};
/* End PBXSourcesBuildPhase section */

/* Begin PBXVariantGroup section */
		842F615A29EE8E2C007A08C7 /* Main.storyboard */ = {
			isa = PBXVariantGroup;
			children = (
				842F615B29EE8E2C007A08C7 /* Base */,
			);
			name = Main.storyboard;
			sourceTree = "<group>";
		};
		842F615F29EE8E2E007A08C7 /* LaunchScreen.storyboard */ = {
			isa = PBXVariantGroup;
			children = (
				842F616029EE8E2E007A08C7 /* Base */,
			);
			name = LaunchScreen.storyboard;
			sourceTree = "<group>";
		};
/* End PBXVariantGroup section */

/* Begin XCBuildConfiguration section */
		842F616329EE8E2E007A08C7 /* Debug */ = {
			isa = XCBuildConfiguration;
			buildSettings = {
				ALWAYS_SEARCH_USER_PATHS = NO;
				CLANG_ANALYZER_NONNULL = YES;
				CLANG_ANALYZER_NUMBER_OBJECT_CONVERSION = YES_AGGRESSIVE;
				CLANG_CXX_LANGUAGE_STANDARD = "gnu++20";
				CLANG_ENABLE_MODULES = YES;
				CLANG_ENABLE_OBJC_ARC = YES;
				CLANG_ENABLE_OBJC_WEAK = YES;
				CLANG_WARN_BLOCK_CAPTURE_AUTORELEASING = YES;
				CLANG_WARN_BOOL_CONVERSION = YES;
				CLANG_WARN_COMMA = YES;
				CLANG_WARN_CONSTANT_CONVERSION = YES;
				CLANG_WARN_DEPRECATED_OBJC_IMPLEMENTATIONS = YES;
				CLANG_WARN_DIRECT_OBJC_ISA_USAGE = YES_ERROR;
				CLANG_WARN_DOCUMENTATION_COMMENTS = YES;
				CLANG_WARN_EMPTY_BODY = YES;
				CLANG_WARN_ENUM_CONVERSION = YES;
				CLANG_WARN_INFINITE_RECURSION = YES;
				CLANG_WARN_INT_CONVERSION = YES;
				CLANG_WARN_NON_LITERAL_NULL_CONVERSION = YES;
				CLANG_WARN_OBJC_IMPLICIT_RETAIN_SELF = YES;
				CLANG_WARN_OBJC_LITERAL_CONVERSION = YES;
				CLANG_WARN_OBJC_ROOT_CLASS = YES_ERROR;
				CLANG_WARN_QUOTED_INCLUDE_IN_FRAMEWORK_HEADER = YES;
				CLANG_WARN_RANGE_LOOP_ANALYSIS = YES;
				CLANG_WARN_STRICT_PROTOTYPES = YES;
				CLANG_WARN_SUSPICIOUS_MOVE = YES;
				CLANG_WARN_UNGUARDED_AVAILABILITY = YES_AGGRESSIVE;
				CLANG_WARN_UNREACHABLE_CODE = YES;
				CLANG_WARN__DUPLICATE_METHOD_MATCH = YES;
				COPY_PHASE_STRIP = NO;
				DEBUG_INFORMATION_FORMAT = dwarf;
				ENABLE_STRICT_OBJC_MSGSEND = YES;
				ENABLE_TESTABILITY = YES;
				GCC_C_LANGUAGE_STANDARD = gnu11;
				GCC_DYNAMIC_NO_PIC = NO;
				GCC_NO_COMMON_BLOCKS = YES;
				GCC_OPTIMIZATION_LEVEL = 0;
				GCC_PREPROCESSOR_DEFINITIONS = (
					"DEBUG=1",
					"$(inherited)",
				);
				GCC_WARN_64_TO_32_BIT_CONVERSION = YES;
				GCC_WARN_ABOUT_RETURN_TYPE = YES_ERROR;
				GCC_WARN_UNDECLARED_SELECTOR = YES;
				GCC_WARN_UNINITIALIZED_AUTOS = YES_AGGRESSIVE;
				GCC_WARN_UNUSED_FUNCTION = YES;
				GCC_WARN_UNUSED_VARIABLE = YES;
				IPHONEOS_DEPLOYMENT_TARGET = 16.2;
				MTL_ENABLE_DEBUG_INFO = INCLUDE_SOURCE;
				MTL_FAST_MATH = YES;
				ONLY_ACTIVE_ARCH = YES;
				SDKROOT = iphoneos;
				SWIFT_ACTIVE_COMPILATION_CONDITIONS = DEBUG;
				SWIFT_OPTIMIZATION_LEVEL = "-Onone";
			};
			name = Debug;
		};
		842F616429EE8E2E007A08C7 /* Release */ = {
			isa = XCBuildConfiguration;
			buildSettings = {
				ALWAYS_SEARCH_USER_PATHS = NO;
				CLANG_ANALYZER_NONNULL = YES;
				CLANG_ANALYZER_NUMBER_OBJECT_CONVERSION = YES_AGGRESSIVE;
				CLANG_CXX_LANGUAGE_STANDARD = "gnu++20";
				CLANG_ENABLE_MODULES = YES;
				CLANG_ENABLE_OBJC_ARC = YES;
				CLANG_ENABLE_OBJC_WEAK = YES;
				CLANG_WARN_BLOCK_CAPTURE_AUTORELEASING = YES;
				CLANG_WARN_BOOL_CONVERSION = YES;
				CLANG_WARN_COMMA = YES;
				CLANG_WARN_CONSTANT_CONVERSION = YES;
				CLANG_WARN_DEPRECATED_OBJC_IMPLEMENTATIONS = YES;
				CLANG_WARN_DIRECT_OBJC_ISA_USAGE = YES_ERROR;
				CLANG_WARN_DOCUMENTATION_COMMENTS = YES;
				CLANG_WARN_EMPTY_BODY = YES;
				CLANG_WARN_ENUM_CONVERSION = YES;
				CLANG_WARN_INFINITE_RECURSION = YES;
				CLANG_WARN_INT_CONVERSION = YES;
				CLANG_WARN_NON_LITERAL_NULL_CONVERSION = YES;
				CLANG_WARN_OBJC_IMPLICIT_RETAIN_SELF = YES;
				CLANG_WARN_OBJC_LITERAL_CONVERSION = YES;
				CLANG_WARN_OBJC_ROOT_CLASS = YES_ERROR;
				CLANG_WARN_QUOTED_INCLUDE_IN_FRAMEWORK_HEADER = YES;
				CLANG_WARN_RANGE_LOOP_ANALYSIS = YES;
				CLANG_WARN_STRICT_PROTOTYPES = YES;
				CLANG_WARN_SUSPICIOUS_MOVE = YES;
				CLANG_WARN_UNGUARDED_AVAILABILITY = YES_AGGRESSIVE;
				CLANG_WARN_UNREACHABLE_CODE = YES;
				CLANG_WARN__DUPLICATE_METHOD_MATCH = YES;
				COPY_PHASE_STRIP = NO;
				DEBUG_INFORMATION_FORMAT = "dwarf-with-dsym";
				ENABLE_NS_ASSERTIONS = NO;
				ENABLE_STRICT_OBJC_MSGSEND = YES;
				GCC_C_LANGUAGE_STANDARD = gnu11;
				GCC_NO_COMMON_BLOCKS = YES;
				GCC_WARN_64_TO_32_BIT_CONVERSION = YES;
				GCC_WARN_ABOUT_RETURN_TYPE = YES_ERROR;
				GCC_WARN_UNDECLARED_SELECTOR = YES;
				GCC_WARN_UNINITIALIZED_AUTOS = YES_AGGRESSIVE;
				GCC_WARN_UNUSED_FUNCTION = YES;
				GCC_WARN_UNUSED_VARIABLE = YES;
				IPHONEOS_DEPLOYMENT_TARGET = 16.2;
				MTL_ENABLE_DEBUG_INFO = NO;
				MTL_FAST_MATH = YES;
				SDKROOT = iphoneos;
				SWIFT_COMPILATION_MODE = wholemodule;
				SWIFT_OPTIMIZATION_LEVEL = "-O";
				VALIDATE_PRODUCT = YES;
			};
			name = Release;
		};
		842F616629EE8E2E007A08C7 /* Debug */ = {
			isa = XCBuildConfiguration;
			buildSettings = {
				ASSETCATALOG_COMPILER_APPICON_NAME = AppIcon;
				ASSETCATALOG_COMPILER_GLOBAL_ACCENT_COLOR_NAME = AccentColor;
				CODE_SIGN_STYLE = Automatic;
				CURRENT_PROJECT_VERSION = 1;
				GENERATE_INFOPLIST_FILE = YES;
				INFOPLIST_FILE = TrackList_PB/Info.plist;
				INFOPLIST_KEY_UIApplicationSupportsIndirectInputEvents = YES;
				INFOPLIST_KEY_UILaunchStoryboardName = LaunchScreen;
				INFOPLIST_KEY_UIMainStoryboardFile = Main;
				INFOPLIST_KEY_UISupportedInterfaceOrientations_iPad = "UIInterfaceOrientationPortrait UIInterfaceOrientationPortraitUpsideDown UIInterfaceOrientationLandscapeLeft UIInterfaceOrientationLandscapeRight";
				INFOPLIST_KEY_UISupportedInterfaceOrientations_iPhone = "UIInterfaceOrientationPortrait UIInterfaceOrientationLandscapeLeft UIInterfaceOrientationLandscapeRight";
				IPHONEOS_DEPLOYMENT_TARGET = 15.5;
				LD_RUNPATH_SEARCH_PATHS = (
					"$(inherited)",
					"@executable_path/Frameworks",
				);
				MARKETING_VERSION = 1.0;
				PRODUCT_BUNDLE_IDENTIFIER = "ru.PB.TrackList-PB";
				PRODUCT_NAME = "$(TARGET_NAME)";
				SUPPORTED_PLATFORMS = "iphoneos iphonesimulator";
				SUPPORTS_MACCATALYST = NO;
				SUPPORTS_MAC_DESIGNED_FOR_IPHONE_IPAD = NO;
				SWIFT_EMIT_LOC_STRINGS = YES;
				SWIFT_VERSION = 5.0;
				TARGETED_DEVICE_FAMILY = 1;
			};
			name = Debug;
		};
		842F616729EE8E2E007A08C7 /* Release */ = {
			isa = XCBuildConfiguration;
			buildSettings = {
				ASSETCATALOG_COMPILER_APPICON_NAME = AppIcon;
				ASSETCATALOG_COMPILER_GLOBAL_ACCENT_COLOR_NAME = AccentColor;
				CODE_SIGN_STYLE = Automatic;
				CURRENT_PROJECT_VERSION = 1;
				GENERATE_INFOPLIST_FILE = YES;
				INFOPLIST_FILE = TrackList_PB/Info.plist;
				INFOPLIST_KEY_UIApplicationSupportsIndirectInputEvents = YES;
				INFOPLIST_KEY_UILaunchStoryboardName = LaunchScreen;
				INFOPLIST_KEY_UIMainStoryboardFile = Main;
				INFOPLIST_KEY_UISupportedInterfaceOrientations_iPad = "UIInterfaceOrientationPortrait UIInterfaceOrientationPortraitUpsideDown UIInterfaceOrientationLandscapeLeft UIInterfaceOrientationLandscapeRight";
				INFOPLIST_KEY_UISupportedInterfaceOrientations_iPhone = "UIInterfaceOrientationPortrait UIInterfaceOrientationLandscapeLeft UIInterfaceOrientationLandscapeRight";
				IPHONEOS_DEPLOYMENT_TARGET = 15.5;
				LD_RUNPATH_SEARCH_PATHS = (
					"$(inherited)",
					"@executable_path/Frameworks",
				);
				MARKETING_VERSION = 1.0;
				PRODUCT_BUNDLE_IDENTIFIER = "ru.PB.TrackList-PB";
				PRODUCT_NAME = "$(TARGET_NAME)";
				SUPPORTED_PLATFORMS = "iphoneos iphonesimulator";
				SUPPORTS_MACCATALYST = NO;
				SUPPORTS_MAC_DESIGNED_FOR_IPHONE_IPAD = NO;
				SWIFT_EMIT_LOC_STRINGS = YES;
				SWIFT_VERSION = 5.0;
				TARGETED_DEVICE_FAMILY = 1;
			};
			name = Release;
		};
/* End XCBuildConfiguration section */

/* Begin XCConfigurationList section */
		842F614C29EE8E2C007A08C7 /* Build configuration list for PBXProject "TrackList_PB" */ = {
			isa = XCConfigurationList;
			buildConfigurations = (
				842F616329EE8E2E007A08C7 /* Debug */,
				842F616429EE8E2E007A08C7 /* Release */,
			);
			defaultConfigurationIsVisible = 0;
			defaultConfigurationName = Release;
		};
		842F616529EE8E2E007A08C7 /* Build configuration list for PBXNativeTarget "TrackList_PB" */ = {
			isa = XCConfigurationList;
			buildConfigurations = (
				842F616629EE8E2E007A08C7 /* Debug */,
				842F616729EE8E2E007A08C7 /* Release */,
			);
			defaultConfigurationIsVisible = 0;
			defaultConfigurationName = Release;
		};
/* End XCConfigurationList section */
	};
	rootObject = 842F614929EE8E2C007A08C7 /* Project object */;
}
